{
  "name": "ybin",
  "version": "0.1.0",
  "lockfileVersion": 1,
  "requires": true,
  "dependencies": {
    "@fortawesome/fontawesome-svg-core": {
      "version": "1.2.25",
      "resolved": "https://registry.npmjs.org/@fortawesome/fontawesome-svg-core/-/fontawesome-svg-core-1.2.25.tgz",
      "integrity": "sha512-MotKnn53JKqbkLQiwcZSBJVYtTgIKFbh7B8+kd05TSnfKYPFmjKKI59o2fpz5t0Hzl35vVGU6+N4twoOpZUrqA=="
    },
    "@fortawesome/free-solid-svg-icons": {
      "version": "5.11.2",
      "resolved": "https://registry.npmjs.org/@fortawesome/free-solid-svg-icons/-/free-solid-svg-icons-5.11.2.tgz",
      "integrity": "sha512-zBue4i0PAZJUXOmLBBvM7L0O7wmsDC8dFv9IhpW5QL4kT9xhhVUsYg/LX1+5KaukWq4/cbDcKT+RT1aRe543sg=="
    },
    "@fortawesome/react-fontawesome": {
      "version": "0.1.5",
      "resolved": "https://registry.npmjs.org/@fortawesome/react-fontawesome/-/react-fontawesome-0.1.5.tgz",
      "integrity": "sha512-WYDKTgyAWOncujWhhzhW7k8sgO5Eo2pZTUL51yNzSQNBUwwr6rNKg/JUSE3iebaU1XShHw74aKc1kJ+jvtRNew=="
    },
    "axios": {
      "version": "0.21.1",
      "resolved": "https://registry.npmjs.org/axios/-/axios-0.21.1.tgz",
      "integrity": "sha512-dKQiRHxGD9PPRIUNIWvZhPTPpl1rf/OxTYKsqKUDjBwYylTvV7SjSHJb9ratfyzM6wCdLCOYLzs73qpg5c4iGA==",
      "requires": {
        "follow-redirects": "^1.10.0"
      },
      "dependencies": {
        "follow-redirects": {
          "version": "1.13.1",
          "resolved": "https://registry.npmjs.org/follow-redirects/-/follow-redirects-1.13.1.tgz",
          "integrity": "sha512-SSG5xmZh1mkPGyKzjZP8zLjltIfpW32Y5QpdNJyjcfGxK3qo3NDDkZOZSFiGn1A6SclQxY9GzEwAHQ3dmYRWpg=="
        }
      }
    },
    "deflate-js": {
      "version": "0.2.3",
      "resolved": "https://registry.npmjs.org/deflate-js/-/deflate-js-0.2.3.tgz",
      "integrity": "sha1-+Fq7WOvFFRowYUdHPVfD5PfkQms="
    },
    "font-awesome": {
      "version": "4.7.0",
      "resolved": "https://registry.npmjs.org/font-awesome/-/font-awesome-4.7.0.tgz",
      "integrity": "sha1-j6jPBBGhoxr9B7BtKQK7n8gVoTM="
    },
    "font-awesome-icons": {
      "version": "1.6.0",
      "resolved": "https://registry.npmjs.org/font-awesome-icons/-/font-awesome-icons-1.6.0.tgz",
      "integrity": "sha512-l+2H80cMkNDuze4MbA79th4pBhwyBuIcR8woi5L61Owx7KVIm+tpjjaE5H7grHm0JDCrl6T251+VSIjZznyf/A=="
    },
    "jquery": {
      "version": "3.4.1",
      "resolved": "https://registry.npmjs.org/jquery/-/jquery-3.4.1.tgz",
      "integrity": "sha512-36+AdBzCL+y6qjw5Tx7HgzeGCzC81MDDgaUP8ld2zhx58HdqXGoBd+tHdrBMiyjGQs0Hxs/MLZTu/eHNJJuWPw=="
    },
    "js-base64": {
      "version": "2.5.1",
      "resolved": "https://registry.npmjs.org/js-base64/-/js-base64-2.5.1.tgz",
      "integrity": "sha512-M7kLczedRMYX4L8Mdh4MzyAMM9O5osx+4FcOQuTvr3A9F2D9S5JXheN0ewNbrvK2UatkTRhL5ejGmGSjNMiZuw=="
    },
    "mousetrap": {
      "version": "1.6.3",
      "resolved": "https://registry.npmjs.org/mousetrap/-/mousetrap-1.6.3.tgz",
      "integrity": "sha512-bd+nzwhhs9ifsUrC2tWaSgm24/oo2c83zaRyZQF06hYA6sANfsXHtnZ19AbbbDXCDzeH5nZBSQ4NvCjgD62tJA=="
    },
    "mousetrap-global-bind": {
      "version": "1.1.0",
      "resolved": "https://registry.npmjs.org/mousetrap-global-bind/-/mousetrap-global-bind-1.1.0.tgz",
      "integrity": "sha1-zX3pIivQZG+i4BDVTISnTCaojt0="
    },
    "nanoscroller": {
      "version": "0.8.7",
      "resolved": "https://registry.npmjs.org/nanoscroller/-/nanoscroller-0.8.7.tgz",
      "integrity": "sha1-gpXQ6ZO71UxEMGsOuzAKhD9zv5I="
    },
    "node-sass": {
      "version": "4.12.0",
      "resolved": "https://registry.npmjs.org/node-sass/-/node-sass-4.12.0.tgz",
      "integrity": "sha512-A1Iv4oN+Iel6EPv77/HddXErL2a+gZ4uBeZUy+a8O35CFYTXhgA8MgLCWBtwpGZdCvTvQ9d+bQxX/QC36GDPpQ==",
      "dependencies": {
        "ansi-regex": {
          "version": "2.1.1",
          "resolved": "https://registry.npmjs.org/ansi-regex/-/ansi-regex-2.1.1.tgz",
          "integrity": "sha1-w7M6te42DYbg5ijwRorn7yfWVN8="
        },
        "ansi-styles": {
          "version": "2.2.1",
          "resolved": "https://registry.npmjs.org/ansi-styles/-/ansi-styles-2.2.1.tgz",
          "integrity": "sha1-tDLdM1i2NM914eRmQ2gkBTPB3b4="
        },
        "chalk": {
          "version": "1.1.3",
          "resolved": "https://registry.npmjs.org/chalk/-/chalk-1.1.3.tgz",
          "integrity": "sha1-qBFcVeSnAv5NFQq9OHKCKn4J/Jg="
        },
        "cross-spawn": {
          "version": "3.0.1",
          "resolved": "https://registry.npmjs.org/cross-spawn/-/cross-spawn-3.0.1.tgz",
          "integrity": "sha1-ElYDfsufDF9549bvE14wdwGEuYI="
        },
        "lru-cache": {
          "version": "4.1.5",
          "resolved": "https://registry.npmjs.org/lru-cache/-/lru-cache-4.1.5.tgz",
          "integrity": "sha512-sWZlbEP2OsHNkXrMl5GYk/jKk70MBng6UU4YI/qGDYbgf6YbP4EvmqISbXCoJiRKs+1bSpFHVgQxvJ17F2li5g=="
        },
        "strip-ansi": {
          "version": "3.0.1",
          "resolved": "https://registry.npmjs.org/strip-ansi/-/strip-ansi-3.0.1.tgz",
          "integrity": "sha1-ajhfuIU9lS1f8F0Oiq+UJ43GPc8="
        },
        "supports-color": {
          "version": "2.0.0",
          "resolved": "https://registry.npmjs.org/supports-color/-/supports-color-2.0.0.tgz",
          "integrity": "sha1-U10EXOa2Nj+kARcIRimZXp3zJMc="
        },
        "yallist": {
          "version": "2.1.2",
          "resolved": "https://registry.npmjs.org/yallist/-/yallist-2.1.2.tgz",
          "integrity": "sha1-HBH5IY8HYImkfdUS+TxmmaaoHVI="
        }
      }
    },
    "react": {
      "version": "16.10.1",
      "resolved": "https://registry.npmjs.org/react/-/react-16.10.1.tgz",
      "integrity": "sha512-2bisHwMhxQ3XQz4LiJJwG3360pY965pTl/MRrZYxIBKVj4fOHoDs5aZAkYXGxDRO1Li+SyjTAilQEbOmtQJHzA=="
    },
    "react-dom": {
      "version": "16.10.1",
      "resolved": "https://registry.npmjs.org/react-dom/-/react-dom-16.10.1.tgz",
      "integrity": "sha512-SmM4ZW0uug0rn95U8uqr52I7UdNf6wdGLeXDmNLfg3y5q5H9eAbdjF5ubQc3bjDyRrvdAB2IKG7X0GzSpnn5Mg=="
    },
    "react-fontawesome": {
      "version": "1.6.1",
      "resolved": "https://registry.npmjs.org/react-fontawesome/-/react-fontawesome-1.6.1.tgz",
      "integrity": "sha1-7dzhfn3HMaoJ/UoYZoimF5OhbFw="
    },
    "react-router-dom": {
      "version": "5.1.2",
      "resolved": "https://registry.npmjs.org/react-router-dom/-/react-router-dom-5.1.2.tgz",
      "integrity": "sha512-7BPHAaIwWpZS074UKaw1FjVdZBSVWEk8IuDXdB+OkLb8vd/WRQIpA4ag9WQk61aEfQs47wHyjWUoUGGZxpQXew=="
    },
    "react-scripts": {
      "version": "3.2.0",
      "resolved": "https://registry.npmjs.org/react-scripts/-/react-scripts-3.2.0.tgz",
      "integrity": "sha512-6LzuKbE2B4eFQG6i1FnTScn9HDcWBfXXnOwW9xKFPJ/E3rK8i1ufbOZ0ocKyRPxJAKdN7iqg3i7lt0+oxkSVOA=="
    },
    "sjcl": {
      "version": "1.0.8",
      "resolved": "https://registry.npmjs.org/sjcl/-/sjcl-1.0.8.tgz",
      "integrity": "sha512-LzIjEQ0S0DpIgnxMEayM1rq9aGwGRG4OnZhCdjx7glTaJtf4zRfpg87ImfjSJjoW9vKpagd82McDOwbRT5kQKQ=="
    },
    "zlibjs": {
      "version": "0.3.1",
      "resolved": "https://registry.npmjs.org/zlibjs/-/zlibjs-0.3.1.tgz",
      "integrity": "sha1-UBl+2yihxCymWcyLTmqd3W1ERVQ="
    }
  }
}
